
Microsoft Visual Studio Solution File, Format Version 12.00
# Visual Studio Version 16
VisualStudioVersion = 16.0.31112.23
MinimumVisualStudioVersion = 10.0.40219.1
Project("{FAE04EC0-301F-11D3-BF4B-00C04F79EFBC}") = "day3", "day3\day3.csproj", "{5BCAFD0B-B756-42C7-8BC4-06127852770A}"
EndProject
Global
	GlobalSection(SolutionConfigurationPlatforms) = preSolution
		Debug|Any CPU = Debug|Any CPU
		Release|Any CPU = Release|Any CPU
	EndGlobalSection
	GlobalSection(ProjectConfigurationPlatforms) = postSolution
		{5BCAFD0B-B756-42C7-8BC4-06127852770A}.Debug|Any CPU.ActiveCfg = Debug|Any CPU
		{5BCAFD0B-B756-42C7-8BC4-06127852770A}.Debug|Any CPU.Build.0 = Debug|Any CPU
		{5BCAFD0B-B756-42C7-8BC4-06127852770A}.Release|Any CPU.ActiveCfg = Release|Any CPU
		{5BCAFD0B-B756-42C7-8BC4-06127852770A}.Release|Any CPU.Build.0 = Release|Any CPU
	EndGlobalSection
	GlobalSection(SolutionProperties) = preSolution
		HideSolutionNode = FALSE
	EndGlobalSection
	GlobalSection(ExtensibilityGlobals) = postSolution
		SolutionGuid = {6C29B771-4E35-4B2B-8F22-E3D500B808FC}
	EndGlobalSection
EndGlobal
